
Microsoft Visual Studio Solution File, Format Version 12.00
# Visual Studio Version 17
VisualStudioVersion = 17.11.35327.3
MinimumVisualStudioVersion = 10.0.40219.1
Project("{9A19103F-16F7-4668-BE54-9A1E7A4F7556}") = "Arithmetic Task", "Arithmetic Task\Arithmetic Task.csproj", "{F50A33F4-30A0-488A-8F07-2678A24344DB}"
EndProject
Project("{9A19103F-16F7-4668-BE54-9A1E7A4F7556}") = "Temperature", "Temperature\Temperature.csproj", "{C58FE443-0321-4AA6-BFB1-B7E023967AB6}"
EndProject
Project("{FAE04EC0-301F-11D3-BF4B-00C04F79EFBC}") = "Welcome Task", "Welcome Task\Welcome Task.csproj", "{A804D079-8B84-44C4-B490-AA2BDB90D904}"
EndProject
Project("{FAE04EC0-301F-11D3-BF4B-00C04F79EFBC}") = "AgeCalculate", "AgeCalculate\AgeCalculate.csproj", "{7C33D9CB-9CFC-44E6-933E-25584C7BDB0E}"
EndProject
Global
	GlobalSection(SolutionConfigurationPlatforms) = preSolution
		Debug|Any CPU = Debug|Any CPU
		Release|Any CPU = Release|Any CPU
	EndGlobalSection
	GlobalSection(ProjectConfigurationPlatforms) = postSolution
		{F50A33F4-30A0-488A-8F07-2678A24344DB}.Debug|Any CPU.ActiveCfg = Debug|Any CPU
		{F50A33F4-30A0-488A-8F07-2678A24344DB}.Debug|Any CPU.Build.0 = Debug|Any CPU
		{F50A33F4-30A0-488A-8F07-2678A24344DB}.Release|Any CPU.ActiveCfg = Release|Any CPU
		{F50A33F4-30A0-488A-8F07-2678A24344DB}.Release|Any CPU.Build.0 = Release|Any CPU
		{C58FE443-0321-4AA6-BFB1-B7E023967AB6}.Debug|Any CPU.ActiveCfg = Debug|Any CPU
		{C58FE443-0321-4AA6-BFB1-B7E023967AB6}.Debug|Any CPU.Build.0 = Debug|Any CPU
		{C58FE443-0321-4AA6-BFB1-B7E023967AB6}.Release|Any CPU.ActiveCfg = Release|Any CPU
		{C58FE443-0321-4AA6-BFB1-B7E023967AB6}.Release|Any CPU.Build.0 = Release|Any CPU
		{A804D079-8B84-44C4-B490-AA2BDB90D904}.Debug|Any CPU.ActiveCfg = Debug|Any CPU
		{A804D079-8B84-44C4-B490-AA2BDB90D904}.Debug|Any CPU.Build.0 = Debug|Any CPU
		{A804D079-8B84-44C4-B490-AA2BDB90D904}.Release|Any CPU.ActiveCfg = Release|Any CPU
		{A804D079-8B84-44C4-B490-AA2BDB90D904}.Release|Any CPU.Build.0 = Release|Any CPU
		{7C33D9CB-9CFC-44E6-933E-25584C7BDB0E}.Debug|Any CPU.ActiveCfg = Debug|Any CPU
		{7C33D9CB-9CFC-44E6-933E-25584C7BDB0E}.Debug|Any CPU.Build.0 = Debug|Any CPU
		{7C33D9CB-9CFC-44E6-933E-25584C7BDB0E}.Release|Any CPU.ActiveCfg = Release|Any CPU
		{7C33D9CB-9CFC-44E6-933E-25584C7BDB0E}.Release|Any CPU.Build.0 = Release|Any CPU
	EndGlobalSection
	GlobalSection(SolutionProperties) = preSolution
		HideSolutionNode = FALSE
	EndGlobalSection
	GlobalSection(ExtensibilityGlobals) = postSolution
		SolutionGuid = {5F1E3132-03B9-46A1-BF21-15CED22D152C}
	EndGlobalSection
EndGlobal
